// !$*UTF8*$!
{
	archiveVersion = 1;
	classes = {
	};
	objectVersion = 46;
	objects = {

/* Begin PBXBuildFile section */
		CF6E067B1F72AC26005ABFAB /* main.m in Sources */ = {isa = PBXBuildFile; fileRef = CF6E067A1F72AC26005ABFAB /* main.m */; };
		CF6E067E1F72AC26005ABFAB /* AppDelegate.m in Sources */ = {isa = PBXBuildFile; fileRef = CF6E067D1F72AC26005ABFAB /* AppDelegate.m */; };
		CF6E06811F72AC26005ABFAB /* ViewController.m in Sources */ = {isa = PBXBuildFile; fileRef = CF6E06801F72AC26005ABFAB /* ViewController.m */; };
		CF6E06841F72AC26005ABFAB /* Main.storyboard in Resources */ = {isa = PBXBuildFile; fileRef = CF6E06821F72AC26005ABFAB /* Main.storyboard */; };
		CF6E06871F72AC26005ABFAB /* LohoTaiwan.xcdatamodeld in Sources */ = {isa = PBXBuildFile; fileRef = CF6E06851F72AC26005ABFAB /* LohoTaiwan.xcdatamodeld */; };
		CF6E06891F72AC26005ABFAB /* Assets.xcassets in Resources */ = {isa = PBXBuildFile; fileRef = CF6E06881F72AC26005ABFAB /* Assets.xcassets */; };
		CF6E068C1F72AC26005ABFAB /* LaunchScreen.storyboard in Resources */ = {isa = PBXBuildFile; fileRef = CF6E068A1F72AC26005ABFAB /* LaunchScreen.storyboard */; };
/* End PBXBuildFile section */

/* Begin PBXFileReference section */
		CF6E06761F72AC26005ABFAB /* LohoTaiwan.app */ = {isa = PBXFileReference; explicitFileType = wrapper.application; includeInIndex = 0; path = LohoTaiwan.app; sourceTree = BUILT_PRODUCTS_DIR; };
		CF6E067A1F72AC26005ABFAB /* main.m */ = {isa = PBXFileReference; lastKnownFileType = sourcecode.c.objc; path = main.m; sourceTree = "<group>"; };
		CF6E067C1F72AC26005ABFAB /* AppDelegate.h */ = {isa = PBXFileReference; lastKnownFileType = sourcecode.c.h; path = AppDelegate.h; sourceTree = "<group>"; };
		CF6E067D1F72AC26005ABFAB /* AppDelegate.m */ = {isa = PBXFileReference; lastKnownFileType = sourcecode.c.objc; path = AppDelegate.m; sourceTree = "<group>"; };
		CF6E067F1F72AC26005ABFAB /* ViewController.h */ = {isa = PBXFileReference; lastKnownFileType = sourcecode.c.h; path = ViewController.h; sourceTree = "<group>"; };
		CF6E06801F72AC26005ABFAB /* ViewController.m */ = {isa = PBXFileReference; lastKnownFileType = sourcecode.c.objc; path = ViewController.m; sourceTree = "<group>"; };
		CF6E06831F72AC26005ABFAB /* Base */ = {isa = PBXFileReference; lastKnownFileType = file.storyboard; name = Base; path = Base.lproj/Main.storyboard; sourceTree = "<group>"; };
		CF6E06861F72AC26005ABFAB /* LohoTaiwan.xcdatamodel */ = {isa = PBXFileReference; lastKnownFileType = wrapper.xcdatamodel; path = LohoTaiwan.xcdatamodel; sourceTree = "<group>"; };
		CF6E06881F72AC26005ABFAB /* Assets.xcassets */ = {isa = PBXFileReference; lastKnownFileType = folder.assetcatalog; path = Assets.xcassets; sourceTree = "<group>"; };
		CF6E068B1F72AC26005ABFAB /* Base */ = {isa = PBXFileReference; lastKnownFileType = file.storyboard; name = Base; path = Base.lproj/LaunchScreen.storyboard; sourceTree = "<group>"; };
		CF6E068D1F72AC26005ABFAB /* Info.plist */ = {isa = PBXFileReference; lastKnownFileType = text.plist.xml; path = Info.plist; sourceTree = "<group>"; };
/* End PBXFileReference section */

/* Begin PBXFrameworksBuildPhase section */
		CF6E06731F72AC26005ABFAB /* Frameworks */ = {
			isa = PBXFrameworksBuildPhase;
			buildActionMask = 2147483647;
			files = (
			);
			runOnlyForDeploymentPostprocessing = 0;
		};
/* End PBXFrameworksBuildPhase section */

/* Begin PBXGroup section */
		CF6E066D1F72AC26005ABFAB = {
			isa = PBXGroup;
			children = (
				CF6E06781F72AC26005ABFAB /* LohoTaiwan */,
				CF6E06771F72AC26005ABFAB /* Products */,
			);
			sourceTree = "<group>";
		};
		CF6E06771F72AC26005ABFAB /* Products */ = {
			isa = PBXGroup;
			children = (
				CF6E06761F72AC26005ABFAB /* LohoTaiwan.app */,
			);
			name = Products;
			sourceTree = "<group>";
		};
		CF6E06781F72AC26005ABFAB /* LohoTaiwan */ = {
			isa = PBXGroup;
			children = (
				CF6E067C1F72AC26005ABFAB /* AppDelegate.h */,
				CF6E067D1F72AC26005ABFAB /* AppDelegate.m */,
				CF6E067F1F72AC26005ABFAB /* ViewController.h */,
				CF6E06801F72AC26005ABFAB /* ViewController.m */,
				CF6E06821F72AC26005ABFAB /* Main.storyboard */,
				CF6E06881F72AC26005ABFAB /* Assets.xcassets */,
				CF6E068A1F72AC26005ABFAB /* LaunchScreen.storyboard */,
				CF6E068D1F72AC26005ABFAB /* Info.plist */,
				CF6E06851F72AC26005ABFAB /* LohoTaiwan.xcdatamodeld */,
				CF6E06791F72AC26005ABFAB /* Supporting Files */,
			);
			path = LohoTaiwan;
			sourceTree = "<group>";
		};
		CF6E06791F72AC26005ABFAB /* Supporting Files */ = {
			isa = PBXGroup;
			children = (
				CF6E067A1F72AC26005ABFAB /* main.m */,
			);
			name = "Supporting Files";
			sourceTree = "<group>";
		};
/* End PBXGroup section */

/* Begin PBXNativeTarget section */
		CF6E06751F72AC26005ABFAB /* LohoTaiwan */ = {
			isa = PBXNativeTarget;
			buildConfigurationList = CF6E06901F72AC26005ABFAB /* Build configuration list for PBXNativeTarget "LohoTaiwan" */;
			buildPhases = (
				CF6E06721F72AC26005ABFAB /* Sources */,
				CF6E06731F72AC26005ABFAB /* Frameworks */,
				CF6E06741F72AC26005ABFAB /* Resources */,
			);
			buildRules = (
			);
			dependencies = (
			);
			name = LohoTaiwan;
			productName = LohoTaiwan;
			productReference = CF6E06761F72AC26005ABFAB /* LohoTaiwan.app */;
			productType = "com.apple.product-type.application";
		};
/* End PBXNativeTarget section */

/* Begin PBXProject section */
		CF6E066E1F72AC26005ABFAB /* Project object */ = {
			isa = PBXProject;
			attributes = {
				LastUpgradeCheck = 0830;
				ORGANIZATIONNAME = "黃柏恩";
				TargetAttributes = {
					CF6E06751F72AC26005ABFAB = {
						CreatedOnToolsVersion = 8.3.3;
						ProvisioningStyle = Automatic;
					};
				};
			};
			buildConfigurationList = CF6E06711F72AC26005ABFAB /* Build configuration list for PBXProject "LohoTaiwan" */;
			compatibilityVersion = "Xcode 3.2";
			developmentRegion = English;
			hasScannedForEncodings = 0;
			knownRegions = (
				en,
				Base,
			);
			mainGroup = CF6E066D1F72AC26005ABFAB;
			productRefGroup = CF6E06771F72AC26005ABFAB /* Products */;
			projectDirPath = "";
			projectRoot = "";
			targets = (
				CF6E06751F72AC26005ABFAB /* LohoTaiwan */,
			);
		};
/* End PBXProject section */

/* Begin PBXResourcesBuildPhase section */
		CF6E06741F72AC26005ABFAB /* Resources */ = {
			isa = PBXResourcesBuildPhase;
			buildActionMask = 2147483647;
			files = (
				CF6E068C1F72AC26005ABFAB /* LaunchScreen.storyboard in Resources */,
				CF6E06891F72AC26005ABFAB /* Assets.xcassets in Resources */,
				CF6E06841F72AC26005ABFAB /* Main.storyboard in Resources */,
			);
			runOnlyForDeploymentPostprocessing = 0;
		};
/* End PBXResourcesBuildPhase section */

/* Begin PBXSourcesBuildPhase section */
		CF6E06721F72AC26005ABFAB /* Sources */ = {
			isa = PBXSourcesBuildPhase;
			buildActionMask = 2147483647;
			files = (
				CF6E06811F72AC26005ABFAB /* ViewController.m in Sources */,
				CF6E06871F72AC26005ABFAB /* LohoTaiwan.xcdatamodeld in Sources */,
				CF6E067E1F72AC26005ABFAB /* AppDelegate.m in Sources */,
				CF6E067B1F72AC26005ABFAB /* main.m in Sources */,
			);
			runOnlyForDeploymentPostprocessing = 0;
		};
/* End PBXSourcesBuildPhase section */

/* Begin PBXVariantGroup section */
		CF6E06821F72AC26005ABFAB /* Main.storyboard */ = {
			isa = PBXVariantGroup;
			children = (
				CF6E06831F72AC26005ABFAB /* Base */,
			);
			name = Main.storyboard;
			sourceTree = "<group>";
		};
		CF6E068A1F72AC26005ABFAB /* LaunchScreen.storyboard */ = {
			isa = PBXVariantGroup;
			children = (
				CF6E068B1F72AC26005ABFAB /* Base */,
			);
			name = LaunchScreen.storyboard;
			sourceTree = "<group>";
		};
/* End PBXVariantGroup section */

/* Begin XCBuildConfiguration section */
		CF6E068E1F72AC26005ABFAB /* Debug */ = {
			isa = XCBuildConfiguration;
			buildSettings = {
				ALWAYS_SEARCH_USER_PATHS = NO;
				CLANG_ANALYZER_NONNULL = YES;
				CLANG_ANALYZER_NUMBER_OBJECT_CONVERSION = YES_AGGRESSIVE;
				CLANG_CXX_LANGUAGE_STANDARD = "gnu++0x";
				CLANG_CXX_LIBRARY = "libc++";
				CLANG_ENABLE_MODULES = YES;
				CLANG_ENABLE_OBJC_ARC = YES;
				CLANG_WARN_BOOL_CONVERSION = YES;
				CLANG_WARN_CONSTANT_CONVERSION = YES;
				CLANG_WARN_DIRECT_OBJC_ISA_USAGE = YES_ERROR;
				CLANG_WARN_DOCUMENTATION_COMMENTS = YES;
				CLANG_WARN_EMPTY_BODY = YES;
				CLANG_WARN_ENUM_CONVERSION = YES;
				CLANG_WARN_INFINITE_RECURSION = YES;
				CLANG_WARN_INT_CONVERSION = YES;
				CLANG_WARN_OBJC_ROOT_CLASS = YES_ERROR;
				CLANG_WARN_SUSPICIOUS_MOVE = YES;
				CLANG_WARN_UNREACHABLE_CODE = YES;
				CLANG_WARN__DUPLICATE_METHOD_MATCH = YES;
				"CODE_SIGN_IDENTITY[sdk=iphoneos*]" = "iPhone Developer";
				COPY_PHASE_STRIP = NO;
				DEBUG_INFORMATION_FORMAT = dwarf;
				ENABLE_STRICT_OBJC_MSGSEND = YES;
				ENABLE_TESTABILITY = YES;
				GCC_C_LANGUAGE_STANDARD = gnu99;
				GCC_DYNAMIC_NO_PIC = NO;
				GCC_NO_COMMON_BLOCKS = YES;
				GCC_OPTIMIZATION_LEVEL = 0;
				GCC_PREPROCESSOR_DEFINITIONS = (
					"DEBUG=1",
					"$(inherited)",
				);
				GCC_WARN_64_TO_32_BIT_CONVERSION = YES;
				GCC_WARN_ABOUT_RETURN_TYPE = YES_ERROR;
				GCC_WARN_UNDECLARED_SELECTOR = YES;
				GCC_WARN_UNINITIALIZED_AUTOS = YES_AGGRESSIVE;
				GCC_WARN_UNUSED_FUNCTION = YES;
				GCC_WARN_UNUSED_VARIABLE = YES;
				IPHONEOS_DEPLOYMENT_TARGET = 10.3;
				MTL_ENABLE_DEBUG_INFO = YES;
				ONLY_ACTIVE_ARCH = YES;
				SDKROOT = iphoneos;
				TARGETED_DEVICE_FAMILY = "1,2";
			};
			name = Debug;
		};
		CF6E068F1F72AC26005ABFAB /* Release */ = {
			isa = XCBuildConfiguration;
			buildSettings = {
				ALWAYS_SEARCH_USER_PATHS = NO;
				CLANG_ANALYZER_NONNULL = YES;
				CLANG_ANALYZER_NUMBER_OBJECT_CONVERSION = YES_AGGRESSIVE;
				CLANG_CXX_LANGUAGE_STANDARD = "gnu++0x";
				CLANG_CXX_LIBRARY = "libc++";
				CLANG_ENABLE_MODULES = YES;
				CLANG_ENABLE_OBJC_ARC = YES;
				CLANG_WARN_BOOL_CONVERSION = YES;
				CLANG_WARN_CONSTANT_CONVERSION = YES;
				CLANG_WARN_DIRECT_OBJC_ISA_USAGE = YES_ERROR;
				CLANG_WARN_DOCUMENTATION_COMMENTS = YES;
				CLANG_WARN_EMPTY_BODY = YES;
				CLANG_WARN_ENUM_CONVERSION = YES;
				CLANG_WARN_INFINITE_RECURSION = YES;
				CLANG_WARN_INT_CONVERSION = YES;
				CLANG_WARN_OBJC_ROOT_CLASS = YES_ERROR;
				CLANG_WARN_SUSPICIOUS_MOVE = YES;
				CLANG_WARN_UNREACHABLE_CODE = YES;
				CLANG_WARN__DUPLICATE_METHOD_MATCH = YES;
				"CODE_SIGN_IDENTITY[sdk=iphoneos*]" = "iPhone Developer";
				COPY_PHASE_STRIP = NO;
				DEBUG_INFORMATION_FORMAT = "dwarf-with-dsym";
				ENABLE_NS_ASSERTIONS = NO;
				ENABLE_STRICT_OBJC_MSGSEND = YES;
				GCC_C_LANGUAGE_STANDARD = gnu99;
				GCC_NO_COMMON_BLOCKS = YES;
				GCC_WARN_64_TO_32_BIT_CONVERSION = YES;
				GCC_WARN_ABOUT_RETURN_TYPE = YES_ERROR;
				GCC_WARN_UNDECLARED_SELECTOR = YES;
				GCC_WARN_UNINITIALIZED_AUTOS = YES_AGGRESSIVE;
				GCC_WARN_UNUSED_FUNCTION = YES;
				GCC_WARN_UNUSED_VARIABLE = YES;
				IPHONEOS_DEPLOYMENT_TARGET = 10.3;
				MTL_ENABLE_DEBUG_INFO = NO;
				SDKROOT = iphoneos;
				TARGETED_DEVICE_FAMILY = "1,2";
				VALIDATE_PRODUCT = YES;
			};
			name = Release;
		};
		CF6E06911F72AC26005ABFAB /* Debug */ = {
			isa = XCBuildConfiguration;
			buildSettings = {
				ASSETCATALOG_COMPILER_APPICON_NAME = AppIcon;
				INFOPLIST_FILE = LohoTaiwan/Info.plist;
				LD_RUNPATH_SEARCH_PATHS = "$(inherited) @executable_path/Frameworks";
				PRODUCT_BUNDLE_IDENTIFIER = com.Bryan.LohoTaiwan;
				PRODUCT_NAME = "$(TARGET_NAME)";
			};
			name = Debug;
		};
		CF6E06921F72AC26005ABFAB /* Release */ = {
			isa = XCBuildConfiguration;
			buildSettings = {
				ASSETCATALOG_COMPILER_APPICON_NAME = AppIcon;
				INFOPLIST_FILE = LohoTaiwan/Info.plist;
				LD_RUNPATH_SEARCH_PATHS = "$(inherited) @executable_path/Frameworks";
				PRODUCT_BUNDLE_IDENTIFIER = com.Bryan.LohoTaiwan;
				PRODUCT_NAME = "$(TARGET_NAME)";
			};
			name = Release;
		};
/* End XCBuildConfiguration section */

/* Begin XCConfigurationList section */
		CF6E06711F72AC26005ABFAB /* Build configuration list for PBXProject "LohoTaiwan" */ = {
			isa = XCConfigurationList;
			buildConfigurations = (
				CF6E068E1F72AC26005ABFAB /* Debug */,
				CF6E068F1F72AC26005ABFAB /* Release */,
			);
			defaultConfigurationIsVisible = 0;
			defaultConfigurationName = Release;
		};
		CF6E06901F72AC26005ABFAB /* Build configuration list for PBXNativeTarget "LohoTaiwan" */ = {
			isa = XCConfigurationList;
			buildConfigurations = (
				CF6E06911F72AC26005ABFAB /* Debug */,
				CF6E06921F72AC26005ABFAB /* Release */,
			);
			defaultConfigurationIsVisible = 0;
		};
/* End XCConfigurationList section */

/* Begin XCVersionGroup section */
		CF6E06851F72AC26005ABFAB /* LohoTaiwan.xcdatamodeld */ = {
			isa = XCVersionGroup;
			children = (
				CF6E06861F72AC26005ABFAB /* LohoTaiwan.xcdatamodel */,
			);
			currentVersion = CF6E06861F72AC26005ABFAB /* LohoTaiwan.xcdatamodel */;
			path = LohoTaiwan.xcdatamodeld;
			sourceTree = "<group>";
			versionGroupType = wrapper.xcdatamodel;
		};
/* End XCVersionGroup section */
	};
	rootObject = CF6E066E1F72AC26005ABFAB /* Project object */;
}
